
Microsoft Visual Studio Solution File, Format Version 12.00
# Visual Studio Version 17
VisualStudioVersion = 17.14.36623.8
MinimumVisualStudioVersion = 10.0.40219.1
Project("{FAE04EC0-301F-11D3-BF4B-00C04F79EFBC}") = "BuilderCatalogue.AppHost", "Builder Catalogue.AppHost\BuilderCatalogue.AppHost.csproj", "{41DFFFE9-536A-4756-9B83-6B707A90FD77}"
EndProject
Project("{FAE04EC0-301F-11D3-BF4B-00C04F79EFBC}") = "BuilderCatalogue.ServiceDefaults", "Builder Catalogue.ServiceDefaults\BuilderCatalogue.ServiceDefaults.csproj", "{32957B25-195C-95B4-A361-9129A58B251F}"
EndProject
Project("{FAE04EC0-301F-11D3-BF4B-00C04F79EFBC}") = "BuilderCatalogue.Api", "Builder Catalogue.Api\BuilderCatalogue.Api.csproj", "{D82848B8-3B52-46D6-ABCB-4C0726B15945}"
EndProject
Project("{2150E333-8FDC-42A3-9474-1A3956D46DE8}") = "docker-compose-artifacts", "docker-compose-artifacts", "{8EC462FD-D22E-90A8-E5CE-7E832BA40C5D}"
	ProjectSection(SolutionItems) = preProject
		docker-compose-artifacts\.env = docker-compose-artifacts\.env
		docker-compose-artifacts\docker-compose.yaml = docker-compose-artifacts\docker-compose.yaml
	EndProjectSection
EndProject
Project("{2150E333-8FDC-42A3-9474-1A3956D46DE8}") = "Solution Items", "Solution Items", "{F2D37177-9058-4A4E-8057-F8FB19100A82}"
	ProjectSection(SolutionItems) = preProject
		Readme.md = Readme.md
	EndProjectSection
EndProject
Global
	GlobalSection(SolutionConfigurationPlatforms) = preSolution
		Debug|Any CPU = Debug|Any CPU
		Debug|x64 = Debug|x64
		Debug|x86 = Debug|x86
		Release|Any CPU = Release|Any CPU
		Release|x64 = Release|x64
		Release|x86 = Release|x86
	EndGlobalSection
	GlobalSection(ProjectConfigurationPlatforms) = postSolution
		{41DFFFE9-536A-4756-9B83-6B707A90FD77}.Debug|Any CPU.ActiveCfg = Debug|Any CPU
		{41DFFFE9-536A-4756-9B83-6B707A90FD77}.Debug|Any CPU.Build.0 = Debug|Any CPU
		{41DFFFE9-536A-4756-9B83-6B707A90FD77}.Debug|x64.ActiveCfg = Debug|Any CPU
		{41DFFFE9-536A-4756-9B83-6B707A90FD77}.Debug|x64.Build.0 = Debug|Any CPU
		{41DFFFE9-536A-4756-9B83-6B707A90FD77}.Debug|x86.ActiveCfg = Debug|Any CPU
		{41DFFFE9-536A-4756-9B83-6B707A90FD77}.Debug|x86.Build.0 = Debug|Any CPU
		{41DFFFE9-536A-4756-9B83-6B707A90FD77}.Release|Any CPU.ActiveCfg = Release|Any CPU
		{41DFFFE9-536A-4756-9B83-6B707A90FD77}.Release|Any CPU.Build.0 = Release|Any CPU
		{41DFFFE9-536A-4756-9B83-6B707A90FD77}.Release|x64.ActiveCfg = Release|Any CPU
		{41DFFFE9-536A-4756-9B83-6B707A90FD77}.Release|x64.Build.0 = Release|Any CPU
		{41DFFFE9-536A-4756-9B83-6B707A90FD77}.Release|x86.ActiveCfg = Release|Any CPU
		{41DFFFE9-536A-4756-9B83-6B707A90FD77}.Release|x86.Build.0 = Release|Any CPU
		{32957B25-195C-95B4-A361-9129A58B251F}.Debug|Any CPU.ActiveCfg = Debug|Any CPU
		{32957B25-195C-95B4-A361-9129A58B251F}.Debug|Any CPU.Build.0 = Debug|Any CPU
		{32957B25-195C-95B4-A361-9129A58B251F}.Debug|x64.ActiveCfg = Debug|Any CPU
		{32957B25-195C-95B4-A361-9129A58B251F}.Debug|x64.Build.0 = Debug|Any CPU
		{32957B25-195C-95B4-A361-9129A58B251F}.Debug|x86.ActiveCfg = Debug|Any CPU
		{32957B25-195C-95B4-A361-9129A58B251F}.Debug|x86.Build.0 = Debug|Any CPU
		{32957B25-195C-95B4-A361-9129A58B251F}.Release|Any CPU.ActiveCfg = Release|Any CPU
		{32957B25-195C-95B4-A361-9129A58B251F}.Release|Any CPU.Build.0 = Release|Any CPU
		{32957B25-195C-95B4-A361-9129A58B251F}.Release|x64.ActiveCfg = Release|Any CPU
		{32957B25-195C-95B4-A361-9129A58B251F}.Release|x64.Build.0 = Release|Any CPU
		{32957B25-195C-95B4-A361-9129A58B251F}.Release|x86.ActiveCfg = Release|Any CPU
		{32957B25-195C-95B4-A361-9129A58B251F}.Release|x86.Build.0 = Release|Any CPU
		{D82848B8-3B52-46D6-ABCB-4C0726B15945}.Debug|Any CPU.ActiveCfg = Debug|Any CPU
		{D82848B8-3B52-46D6-ABCB-4C0726B15945}.Debug|Any CPU.Build.0 = Debug|Any CPU
		{D82848B8-3B52-46D6-ABCB-4C0726B15945}.Debug|x64.ActiveCfg = Debug|Any CPU
		{D82848B8-3B52-46D6-ABCB-4C0726B15945}.Debug|x64.Build.0 = Debug|Any CPU
		{D82848B8-3B52-46D6-ABCB-4C0726B15945}.Debug|x86.ActiveCfg = Debug|Any CPU
		{D82848B8-3B52-46D6-ABCB-4C0726B15945}.Debug|x86.Build.0 = Debug|Any CPU
		{D82848B8-3B52-46D6-ABCB-4C0726B15945}.Release|Any CPU.ActiveCfg = Release|Any CPU
		{D82848B8-3B52-46D6-ABCB-4C0726B15945}.Release|Any CPU.Build.0 = Release|Any CPU
		{D82848B8-3B52-46D6-ABCB-4C0726B15945}.Release|x64.ActiveCfg = Release|Any CPU
		{D82848B8-3B52-46D6-ABCB-4C0726B15945}.Release|x64.Build.0 = Release|Any CPU
		{D82848B8-3B52-46D6-ABCB-4C0726B15945}.Release|x86.ActiveCfg = Release|Any CPU
		{D82848B8-3B52-46D6-ABCB-4C0726B15945}.Release|x86.Build.0 = Release|Any CPU
	EndGlobalSection
	GlobalSection(SolutionProperties) = preSolution
		HideSolutionNode = FALSE
	EndGlobalSection
	GlobalSection(ExtensibilityGlobals) = postSolution
		SolutionGuid = {59818B98-7425-40A6-8E7B-5676518D8F4E}
	EndGlobalSection
EndGlobal
